// !$*UTF8*$!
{
	archiveVersion = 1;
	classes = {
	};
	objectVersion = 56;
	objects = {

/* Begin PBXBuildFile section */
		24C8A5942A491B30006A257D /* AppDelegate.swift in Sources */ = {isa = PBXBuildFile; fileRef = 24C8A5932A491B30006A257D /* AppDelegate.swift */; };
		24C8A5962A491B30006A257D /* SceneDelegate.swift in Sources */ = {isa = PBXBuildFile; fileRef = 24C8A5952A491B30006A257D /* SceneDelegate.swift */; };
		24C8A5992A491B30006A257D /* LaunchScreen.storyboard in Resources */ = {isa = PBXBuildFile; fileRef = 24C8A5972A491B30006A257D /* LaunchScreen.storyboard */; };
		24C8A59C2A491B30006A257D /* Main.storyboard in Resources */ = {isa = PBXBuildFile; fileRef = 24C8A59A2A491B30006A257D /* Main.storyboard */; };
		24C8A5A52A491B30006A257D /* AppDelegate.swift in Sources */ = {isa = PBXBuildFile; fileRef = 24C8A5A42A491B30006A257D /* AppDelegate.swift */; };
		24C8A5A82A491B30006A257D /* Main.storyboard in Resources */ = {isa = PBXBuildFile; fileRef = 24C8A5A62A491B30006A257D /* Main.storyboard */; };
		24C8A5B02A491B31006A257D /* onliness Extension.appex in Embed Foundation Extensions */ = {isa = PBXBuildFile; fileRef = 24C8A5AF2A491B31006A257D /* onliness Extension.appex */; settings = {ATTRIBUTES = (RemoveHeadersOnCopy, ); }; };
		24C8A5BA2A491B31006A257D /* onliness Extension.appex in Embed Foundation Extensions */ = {isa = PBXBuildFile; fileRef = 24C8A5B92A491B31006A257D /* onliness Extension.appex */; settings = {ATTRIBUTES = (RemoveHeadersOnCopy, ); }; };
		24C8A5C02A491B31006A257D /* Main.html in Resources */ = {isa = PBXBuildFile; fileRef = 24C8A5832A491B2B006A257D /* Main.html */; };
		24C8A5C12A491B31006A257D /* Main.html in Resources */ = {isa = PBXBuildFile; fileRef = 24C8A5832A491B2B006A257D /* Main.html */; };
		24C8A5C22A491B31006A257D /* Icon.png in Resources */ = {isa = PBXBuildFile; fileRef = 24C8A5852A491B2B006A257D /* Icon.png */; };
		24C8A5C32A491B31006A257D /* Icon.png in Resources */ = {isa = PBXBuildFile; fileRef = 24C8A5852A491B2B006A257D /* Icon.png */; };
		24C8A5C42A491B31006A257D /* Style.css in Resources */ = {isa = PBXBuildFile; fileRef = 24C8A5862A491B2B006A257D /* Style.css */; };
		24C8A5C52A491B31006A257D /* Style.css in Resources */ = {isa = PBXBuildFile; fileRef = 24C8A5862A491B2B006A257D /* Style.css */; };
		24C8A5C62A491B31006A257D /* Script.js in Resources */ = {isa = PBXBuildFile; fileRef = 24C8A5872A491B2B006A257D /* Script.js */; };
		24C8A5C72A491B31006A257D /* Script.js in Resources */ = {isa = PBXBuildFile; fileRef = 24C8A5872A491B2B006A257D /* Script.js */; };
		24C8A5C82A491B31006A257D /* ViewController.swift in Sources */ = {isa = PBXBuildFile; fileRef = 24C8A5882A491B2B006A257D /* ViewController.swift */; };
		24C8A5C92A491B31006A257D /* ViewController.swift in Sources */ = {isa = PBXBuildFile; fileRef = 24C8A5882A491B2B006A257D /* ViewController.swift */; };
		24C8A5CA2A491B31006A257D /* Assets.xcassets in Resources */ = {isa = PBXBuildFile; fileRef = 24C8A5892A491B30006A257D /* Assets.xcassets */; };
		24C8A5CB2A491B31006A257D /* Assets.xcassets in Resources */ = {isa = PBXBuildFile; fileRef = 24C8A5892A491B30006A257D /* Assets.xcassets */; };
		24C8A5CC2A491B31006A257D /* SafariWebExtensionHandler.swift in Sources */ = {isa = PBXBuildFile; fileRef = 24C8A58B2A491B30006A257D /* SafariWebExtensionHandler.swift */; };
		24C8A5CD2A491B31006A257D /* SafariWebExtensionHandler.swift in Sources */ = {isa = PBXBuildFile; fileRef = 24C8A58B2A491B30006A257D /* SafariWebExtensionHandler.swift */; };
		24C8A5E32A491B31006A257D /* icons in Resources */ = {isa = PBXBuildFile; fileRef = 24C8A5DF2A491B31006A257D /* icons */; };
		24C8A5E42A491B31006A257D /* style.css in Resources */ = {isa = PBXBuildFile; fileRef = 24C8A5E02A491B31006A257D /* style.css */; };
		24C8A5E52A491B31006A257D /* manifest.json in Resources */ = {isa = PBXBuildFile; fileRef = 24C8A5E12A491B31006A257D /* manifest.json */; };
		24C8A5E62A491B31006A257D /* content.js in Resources */ = {isa = PBXBuildFile; fileRef = 24C8A5E22A491B31006A257D /* content.js */; };
		24C8A5E72A491B31006A257D /* icons in Resources */ = {isa = PBXBuildFile; fileRef = 24C8A5DF2A491B31006A257D /* icons */; };
		24C8A5E82A491B31006A257D /* style.css in Resources */ = {isa = PBXBuildFile; fileRef = 24C8A5E02A491B31006A257D /* style.css */; };
		24C8A5E92A491B31006A257D /* manifest.json in Resources */ = {isa = PBXBuildFile; fileRef = 24C8A5E12A491B31006A257D /* manifest.json */; };
		24C8A5EA2A491B31006A257D /* content.js in Resources */ = {isa = PBXBuildFile; fileRef = 24C8A5E22A491B31006A257D /* content.js */; };
/* End PBXBuildFile section */

/* Begin PBXContainerItemProxy section */
		24C8A5B12A491B31006A257D /* PBXContainerItemProxy */ = {
			isa = PBXContainerItemProxy;
			containerPortal = 24C8A57D2A491B2A006A257D /* Project object */;
			proxyType = 1;
			remoteGlobalIDString = 24C8A5AE2A491B31006A257D;
			remoteInfo = "onliness Extension (iOS)";
		};
		24C8A5BB2A491B31006A257D /* PBXContainerItemProxy */ = {
			isa = PBXContainerItemProxy;
			containerPortal = 24C8A57D2A491B2A006A257D /* Project object */;
			proxyType = 1;
			remoteGlobalIDString = 24C8A5B82A491B31006A257D;
			remoteInfo = "onliness Extension (macOS)";
		};
/* End PBXContainerItemProxy section */

/* Begin PBXCopyFilesBuildPhase section */
		24C8A5D32A491B31006A257D /* Embed Foundation Extensions */ = {
			isa = PBXCopyFilesBuildPhase;
			buildActionMask = 2147483647;
			dstPath = "";
			dstSubfolderSpec = 13;
			files = (
				24C8A5B02A491B31006A257D /* onliness Extension.appex in Embed Foundation Extensions */,
			);
			name = "Embed Foundation Extensions";
			runOnlyForDeploymentPostprocessing = 0;
		};
		24C8A5DA2A491B31006A257D /* Embed Foundation Extensions */ = {
			isa = PBXCopyFilesBuildPhase;
			buildActionMask = 2147483647;
			dstPath = "";
			dstSubfolderSpec = 13;
			files = (
				24C8A5BA2A491B31006A257D /* onliness Extension.appex in Embed Foundation Extensions */,
			);
			name = "Embed Foundation Extensions";
			runOnlyForDeploymentPostprocessing = 0;
		};
/* End PBXCopyFilesBuildPhase section */

/* Begin PBXFileReference section */
		24C8A5842A491B2B006A257D /* Base */ = {isa = PBXFileReference; lastKnownFileType = text.html; name = Base; path = ../Base.lproj/Main.html; sourceTree = "<group>"; };
		24C8A5852A491B2B006A257D /* Icon.png */ = {isa = PBXFileReference; lastKnownFileType = image.png; path = Icon.png; sourceTree = "<group>"; };
		24C8A5862A491B2B006A257D /* Style.css */ = {isa = PBXFileReference; lastKnownFileType = text.css; path = Style.css; sourceTree = "<group>"; };
		24C8A5872A491B2B006A257D /* Script.js */ = {isa = PBXFileReference; lastKnownFileType = sourcecode.javascript; path = Script.js; sourceTree = "<group>"; };
		24C8A5882A491B2B006A257D /* ViewController.swift */ = {isa = PBXFileReference; lastKnownFileType = sourcecode.swift; path = ViewController.swift; sourceTree = "<group>"; };
		24C8A5892A491B30006A257D /* Assets.xcassets */ = {isa = PBXFileReference; lastKnownFileType = folder.assetcatalog; path = Assets.xcassets; sourceTree = "<group>"; };
		24C8A58B2A491B30006A257D /* SafariWebExtensionHandler.swift */ = {isa = PBXFileReference; lastKnownFileType = sourcecode.swift; path = SafariWebExtensionHandler.swift; sourceTree = "<group>"; };
		24C8A5902A491B30006A257D /* onliness.app */ = {isa = PBXFileReference; explicitFileType = wrapper.application; includeInIndex = 0; path = onliness.app; sourceTree = BUILT_PRODUCTS_DIR; };
		24C8A5932A491B30006A257D /* AppDelegate.swift */ = {isa = PBXFileReference; lastKnownFileType = sourcecode.swift; path = AppDelegate.swift; sourceTree = "<group>"; };
		24C8A5952A491B30006A257D /* SceneDelegate.swift */ = {isa = PBXFileReference; lastKnownFileType = sourcecode.swift; path = SceneDelegate.swift; sourceTree = "<group>"; };
		24C8A5982A491B30006A257D /* Base */ = {isa = PBXFileReference; lastKnownFileType = file.storyboard; name = Base; path = Base.lproj/LaunchScreen.storyboard; sourceTree = "<group>"; };
		24C8A59B2A491B30006A257D /* Base */ = {isa = PBXFileReference; lastKnownFileType = file.storyboard; name = Base; path = Base.lproj/Main.storyboard; sourceTree = "<group>"; };
		24C8A59D2A491B30006A257D /* Info.plist */ = {isa = PBXFileReference; lastKnownFileType = text.plist.xml; path = Info.plist; sourceTree = "<group>"; };
		24C8A5A22A491B30006A257D /* onliness.app */ = {isa = PBXFileReference; explicitFileType = wrapper.application; includeInIndex = 0; path = onliness.app; sourceTree = BUILT_PRODUCTS_DIR; };
		24C8A5A42A491B30006A257D /* AppDelegate.swift */ = {isa = PBXFileReference; lastKnownFileType = sourcecode.swift; path = AppDelegate.swift; sourceTree = "<group>"; };
		24C8A5A72A491B30006A257D /* Base */ = {isa = PBXFileReference; lastKnownFileType = file.storyboard; name = Base; path = Base.lproj/Main.storyboard; sourceTree = "<group>"; };
		24C8A5A92A491B30006A257D /* Info.plist */ = {isa = PBXFileReference; lastKnownFileType = text.plist.xml; path = Info.plist; sourceTree = "<group>"; };
		24C8A5AA2A491B31006A257D /* onliness.entitlements */ = {isa = PBXFileReference; lastKnownFileType = text.plist.entitlements; path = onliness.entitlements; sourceTree = "<group>"; };
		24C8A5AF2A491B31006A257D /* onliness Extension.appex */ = {isa = PBXFileReference; explicitFileType = "wrapper.app-extension"; includeInIndex = 0; path = "onliness Extension.appex"; sourceTree = BUILT_PRODUCTS_DIR; };
		24C8A5B42A491B31006A257D /* Info.plist */ = {isa = PBXFileReference; lastKnownFileType = text.plist.xml; path = Info.plist; sourceTree = "<group>"; };
		24C8A5B92A491B31006A257D /* onliness Extension.appex */ = {isa = PBXFileReference; explicitFileType = "wrapper.app-extension"; includeInIndex = 0; path = "onliness Extension.appex"; sourceTree = BUILT_PRODUCTS_DIR; };
		24C8A5BE2A491B31006A257D /* Info.plist */ = {isa = PBXFileReference; lastKnownFileType = text.plist.xml; path = Info.plist; sourceTree = "<group>"; };
		24C8A5BF2A491B31006A257D /* onliness.entitlements */ = {isa = PBXFileReference; lastKnownFileType = text.plist.entitlements; path = onliness.entitlements; sourceTree = "<group>"; };
		24C8A5DF2A491B31006A257D /* icons */ = {isa = PBXFileReference; lastKnownFileType = folder; name = icons; path = ../../chrome/icons; sourceTree = "<group>"; };
		24C8A5E02A491B31006A257D /* style.css */ = {isa = PBXFileReference; lastKnownFileType = text.css; name = style.css; path = ../../chrome/style.css; sourceTree = "<group>"; };
		24C8A5E12A491B31006A257D /* manifest.json */ = {isa = PBXFileReference; lastKnownFileType = text.json; name = manifest.json; path = ../../chrome/manifest.json; sourceTree = "<group>"; };
		24C8A5E22A491B31006A257D /* content.js */ = {isa = PBXFileReference; lastKnownFileType = sourcecode.javascript; name = content.js; path = ../../chrome/content.js; sourceTree = "<group>"; };
/* End PBXFileReference section */

/* Begin PBXFrameworksBuildPhase section */
		24C8A58D2A491B30006A257D /* Frameworks */ = {
			isa = PBXFrameworksBuildPhase;
			buildActionMask = 2147483647;
			files = (
			);
			runOnlyForDeploymentPostprocessing = 0;
		};
		24C8A59F2A491B30006A257D /* Frameworks */ = {
			isa = PBXFrameworksBuildPhase;
			buildActionMask = 2147483647;
			files = (
			);
			runOnlyForDeploymentPostprocessing = 0;
		};
		24C8A5AC2A491B31006A257D /* Frameworks */ = {
			isa = PBXFrameworksBuildPhase;
			buildActionMask = 2147483647;
			files = (
			);
			runOnlyForDeploymentPostprocessing = 0;
		};
		24C8A5B62A491B31006A257D /* Frameworks */ = {
			isa = PBXFrameworksBuildPhase;
			buildActionMask = 2147483647;
			files = (
			);
			runOnlyForDeploymentPostprocessing = 0;
		};
/* End PBXFrameworksBuildPhase section */

/* Begin PBXGroup section */
		24C8A57C2A491B2A006A257D = {
			isa = PBXGroup;
			children = (
				24C8A5812A491B2B006A257D /* Shared (App) */,
				24C8A58A2A491B30006A257D /* Shared (Extension) */,
				24C8A5922A491B30006A257D /* iOS (App) */,
				24C8A5A32A491B30006A257D /* macOS (App) */,
				24C8A5B32A491B31006A257D /* iOS (Extension) */,
				24C8A5BD2A491B31006A257D /* macOS (Extension) */,
				24C8A5912A491B30006A257D /* Products */,
			);
			sourceTree = "<group>";
		};
		24C8A5812A491B2B006A257D /* Shared (App) */ = {
			isa = PBXGroup;
			children = (
				24C8A5882A491B2B006A257D /* ViewController.swift */,
				24C8A5892A491B30006A257D /* Assets.xcassets */,
				24C8A5822A491B2B006A257D /* Resources */,
			);
			path = "Shared (App)";
			sourceTree = "<group>";
		};
		24C8A5822A491B2B006A257D /* Resources */ = {
			isa = PBXGroup;
			children = (
				24C8A5832A491B2B006A257D /* Main.html */,
				24C8A5852A491B2B006A257D /* Icon.png */,
				24C8A5862A491B2B006A257D /* Style.css */,
				24C8A5872A491B2B006A257D /* Script.js */,
			);
			path = Resources;
			sourceTree = "<group>";
		};
		24C8A58A2A491B30006A257D /* Shared (Extension) */ = {
			isa = PBXGroup;
			children = (
				24C8A5DE2A491B31006A257D /* Resources */,
				24C8A58B2A491B30006A257D /* SafariWebExtensionHandler.swift */,
			);
			path = "Shared (Extension)";
			sourceTree = "<group>";
		};
		24C8A5912A491B30006A257D /* Products */ = {
			isa = PBXGroup;
			children = (
				24C8A5902A491B30006A257D /* onliness.app */,
				24C8A5A22A491B30006A257D /* onliness.app */,
				24C8A5AF2A491B31006A257D /* onliness Extension.appex */,
				24C8A5B92A491B31006A257D /* onliness Extension.appex */,
			);
			name = Products;
			sourceTree = "<group>";
		};
		24C8A5922A491B30006A257D /* iOS (App) */ = {
			isa = PBXGroup;
			children = (
				24C8A5932A491B30006A257D /* AppDelegate.swift */,
				24C8A5952A491B30006A257D /* SceneDelegate.swift */,
				24C8A5972A491B30006A257D /* LaunchScreen.storyboard */,
				24C8A59A2A491B30006A257D /* Main.storyboard */,
				24C8A59D2A491B30006A257D /* Info.plist */,
			);
			path = "iOS (App)";
			sourceTree = "<group>";
		};
		24C8A5A32A491B30006A257D /* macOS (App) */ = {
			isa = PBXGroup;
			children = (
				24C8A5A42A491B30006A257D /* AppDelegate.swift */,
				24C8A5A62A491B30006A257D /* Main.storyboard */,
				24C8A5A92A491B30006A257D /* Info.plist */,
				24C8A5AA2A491B31006A257D /* onliness.entitlements */,
			);
			path = "macOS (App)";
			sourceTree = "<group>";
		};
		24C8A5B32A491B31006A257D /* iOS (Extension) */ = {
			isa = PBXGroup;
			children = (
				24C8A5B42A491B31006A257D /* Info.plist */,
			);
			path = "iOS (Extension)";
			sourceTree = "<group>";
		};
		24C8A5BD2A491B31006A257D /* macOS (Extension) */ = {
			isa = PBXGroup;
			children = (
				24C8A5BE2A491B31006A257D /* Info.plist */,
				24C8A5BF2A491B31006A257D /* onliness.entitlements */,
			);
			path = "macOS (Extension)";
			sourceTree = "<group>";
		};
		24C8A5DE2A491B31006A257D /* Resources */ = {
			isa = PBXGroup;
			children = (
				24C8A5DF2A491B31006A257D /* icons */,
				24C8A5E02A491B31006A257D /* style.css */,
				24C8A5E12A491B31006A257D /* manifest.json */,
				24C8A5E22A491B31006A257D /* content.js */,
			);
			name = Resources;
			path = "Shared (Extension)";
			sourceTree = SOURCE_ROOT;
		};
/* End PBXGroup section */

/* Begin PBXNativeTarget section */
		24C8A58F2A491B30006A257D /* onliness (iOS) */ = {
			isa = PBXNativeTarget;
			buildConfigurationList = 24C8A5D42A491B31006A257D /* Build configuration list for PBXNativeTarget "onliness (iOS)" */;
			buildPhases = (
				24C8A58C2A491B30006A257D /* Sources */,
				24C8A58D2A491B30006A257D /* Frameworks */,
				24C8A58E2A491B30006A257D /* Resources */,
				24C8A5D32A491B31006A257D /* Embed Foundation Extensions */,
			);
			buildRules = (
			);
			dependencies = (
				24C8A5B22A491B31006A257D /* PBXTargetDependency */,
			);
			name = "onliness (iOS)";
			productName = "onliness (iOS)";
			productReference = 24C8A5902A491B30006A257D /* onliness.app */;
			productType = "com.apple.product-type.application";
		};
		24C8A5A12A491B30006A257D /* onliness (macOS) */ = {
			isa = PBXNativeTarget;
			buildConfigurationList = 24C8A5DB2A491B31006A257D /* Build configuration list for PBXNativeTarget "onliness (macOS)" */;
			buildPhases = (
				24C8A59E2A491B30006A257D /* Sources */,
				24C8A59F2A491B30006A257D /* Frameworks */,
				24C8A5A02A491B30006A257D /* Resources */,
				24C8A5DA2A491B31006A257D /* Embed Foundation Extensions */,
			);
			buildRules = (
			);
			dependencies = (
				24C8A5BC2A491B31006A257D /* PBXTargetDependency */,
			);
			name = "onliness (macOS)";
			productName = "onliness (macOS)";
			productReference = 24C8A5A22A491B30006A257D /* onliness.app */;
			productType = "com.apple.product-type.application";
		};
		24C8A5AE2A491B31006A257D /* onliness Extension (iOS) */ = {
			isa = PBXNativeTarget;
			buildConfigurationList = 24C8A5D02A491B31006A257D /* Build configuration list for PBXNativeTarget "onliness Extension (iOS)" */;
			buildPhases = (
				24C8A5AB2A491B31006A257D /* Sources */,
				24C8A5AC2A491B31006A257D /* Frameworks */,
				24C8A5AD2A491B31006A257D /* Resources */,
			);
			buildRules = (
			);
			dependencies = (
			);
			name = "onliness Extension (iOS)";
			productName = "onliness Extension (iOS)";
			productReference = 24C8A5AF2A491B31006A257D /* onliness Extension.appex */;
			productType = "com.apple.product-type.app-extension";
		};
		24C8A5B82A491B31006A257D /* onliness Extension (macOS) */ = {
			isa = PBXNativeTarget;
			buildConfigurationList = 24C8A5D72A491B31006A257D /* Build configuration list for PBXNativeTarget "onliness Extension (macOS)" */;
			buildPhases = (
				24C8A5B52A491B31006A257D /* Sources */,
				24C8A5B62A491B31006A257D /* Frameworks */,
				24C8A5B72A491B31006A257D /* Resources */,
			);
			buildRules = (
			);
			dependencies = (
			);
			name = "onliness Extension (macOS)";
			productName = "onliness Extension (macOS)";
			productReference = 24C8A5B92A491B31006A257D /* onliness Extension.appex */;
			productType = "com.apple.product-type.app-extension";
		};
/* End PBXNativeTarget section */

/* Begin PBXProject section */
		24C8A57D2A491B2A006A257D /* Project object */ = {
			isa = PBXProject;
			attributes = {
				BuildIndependentTargetsInParallel = 1;
				LastSwiftUpdateCheck = 1420;
				LastUpgradeCheck = 1420;
				TargetAttributes = {
					24C8A58F2A491B30006A257D = {
						CreatedOnToolsVersion = 14.2;
					};
					24C8A5A12A491B30006A257D = {
						CreatedOnToolsVersion = 14.2;
					};
					24C8A5AE2A491B31006A257D = {
						CreatedOnToolsVersion = 14.2;
					};
					24C8A5B82A491B31006A257D = {
						CreatedOnToolsVersion = 14.2;
					};
				};
			};
			buildConfigurationList = 24C8A5802A491B2A006A257D /* Build configuration list for PBXProject "onliness" */;
			compatibilityVersion = "Xcode 14.0";
			developmentRegion = en;
			hasScannedForEncodings = 0;
			knownRegions = (
				en,
				Base,
			);
			mainGroup = 24C8A57C2A491B2A006A257D;
			productRefGroup = 24C8A5912A491B30006A257D /* Products */;
			projectDirPath = "";
			projectRoot = "";
			targets = (
				24C8A58F2A491B30006A257D /* onliness (iOS) */,
				24C8A5A12A491B30006A257D /* onliness (macOS) */,
				24C8A5AE2A491B31006A257D /* onliness Extension (iOS) */,
				24C8A5B82A491B31006A257D /* onliness Extension (macOS) */,
			);
		};
/* End PBXProject section */

/* Begin PBXResourcesBuildPhase section */
		24C8A58E2A491B30006A257D /* Resources */ = {
			isa = PBXResourcesBuildPhase;
			buildActionMask = 2147483647;
			files = (
				24C8A5C22A491B31006A257D /* Icon.png in Resources */,
				24C8A5992A491B30006A257D /* LaunchScreen.storyboard in Resources */,
				24C8A5C02A491B31006A257D /* Main.html in Resources */,
				24C8A5C62A491B31006A257D /* Script.js in Resources */,
				24C8A5CA2A491B31006A257D /* Assets.xcassets in Resources */,
				24C8A59C2A491B30006A257D /* Main.storyboard in Resources */,
				24C8A5C42A491B31006A257D /* Style.css in Resources */,
			);
			runOnlyForDeploymentPostprocessing = 0;
		};
		24C8A5A02A491B30006A257D /* Resources */ = {
			isa = PBXResourcesBuildPhase;
			buildActionMask = 2147483647;
			files = (
				24C8A5C32A491B31006A257D /* Icon.png in Resources */,
				24C8A5C52A491B31006A257D /* Style.css in Resources */,
				24C8A5A82A491B30006A257D /* Main.storyboard in Resources */,
				24C8A5C72A491B31006A257D /* Script.js in Resources */,
				24C8A5CB2A491B31006A257D /* Assets.xcassets in Resources */,
				24C8A5C12A491B31006A257D /* Main.html in Resources */,
			);
			runOnlyForDeploymentPostprocessing = 0;
		};
		24C8A5AD2A491B31006A257D /* Resources */ = {
			isa = PBXResourcesBuildPhase;
			buildActionMask = 2147483647;
			files = (
				24C8A5EA2A491B31006A257D /* content.js in Resources */,
				24C8A5E72A491B31006A257D /* icons in Resources */,
				24C8A5E92A491B31006A257D /* manifest.json in Resources */,
				24C8A5E82A491B31006A257D /* style.css in Resources */,
			);
			runOnlyForDeploymentPostprocessing = 0;
		};
		24C8A5B72A491B31006A257D /* Resources */ = {
			isa = PBXResourcesBuildPhase;
			buildActionMask = 2147483647;
			files = (
				24C8A5E62A491B31006A257D /* content.js in Resources */,
				24C8A5E32A491B31006A257D /* icons in Resources */,
				24C8A5E52A491B31006A257D /* manifest.json in Resources */,
				24C8A5E42A491B31006A257D /* style.css in Resources */,
			);
			runOnlyForDeploymentPostprocessing = 0;
		};
/* End PBXResourcesBuildPhase section */

/* Begin PBXSourcesBuildPhase section */
		24C8A58C2A491B30006A257D /* Sources */ = {
			isa = PBXSourcesBuildPhase;
			buildActionMask = 2147483647;
			files = (
				24C8A5C82A491B31006A257D /* ViewController.swift in Sources */,
				24C8A5942A491B30006A257D /* AppDelegate.swift in Sources */,
				24C8A5962A491B30006A257D /* SceneDelegate.swift in Sources */,
			);
			runOnlyForDeploymentPostprocessing = 0;
		};
		24C8A59E2A491B30006A257D /* Sources */ = {
			isa = PBXSourcesBuildPhase;
			buildActionMask = 2147483647;
			files = (
				24C8A5C92A491B31006A257D /* ViewController.swift in Sources */,
				24C8A5A52A491B30006A257D /* AppDelegate.swift in Sources */,
			);
			runOnlyForDeploymentPostprocessing = 0;
		};
		24C8A5AB2A491B31006A257D /* Sources */ = {
			isa = PBXSourcesBuildPhase;
			buildActionMask = 2147483647;
			files = (
				24C8A5CC2A491B31006A257D /* SafariWebExtensionHandler.swift in Sources */,
			);
			runOnlyForDeploymentPostprocessing = 0;
		};
		24C8A5B52A491B31006A257D /* Sources */ = {
			isa = PBXSourcesBuildPhase;
			buildActionMask = 2147483647;
			files = (
				24C8A5CD2A491B31006A257D /* SafariWebExtensionHandler.swift in Sources */,
			);
			runOnlyForDeploymentPostprocessing = 0;
		};
/* End PBXSourcesBuildPhase section */

/* Begin PBXTargetDependency section */
		24C8A5B22A491B31006A257D /* PBXTargetDependency */ = {
			isa = PBXTargetDependency;
			target = 24C8A5AE2A491B31006A257D /* onliness Extension (iOS) */;
			targetProxy = 24C8A5B12A491B31006A257D /* PBXContainerItemProxy */;
		};
		24C8A5BC2A491B31006A257D /* PBXTargetDependency */ = {
			isa = PBXTargetDependency;
			target = 24C8A5B82A491B31006A257D /* onliness Extension (macOS) */;
			targetProxy = 24C8A5BB2A491B31006A257D /* PBXContainerItemProxy */;
		};
/* End PBXTargetDependency section */

/* Begin PBXVariantGroup section */
		24C8A5832A491B2B006A257D /* Main.html */ = {
			isa = PBXVariantGroup;
			children = (
				24C8A5842A491B2B006A257D /* Base */,
			);
			name = Main.html;
			sourceTree = "<group>";
		};
		24C8A5972A491B30006A257D /* LaunchScreen.storyboard */ = {
			isa = PBXVariantGroup;
			children = (
				24C8A5982A491B30006A257D /* Base */,
			);
			name = LaunchScreen.storyboard;
			sourceTree = "<group>";
		};
		24C8A59A2A491B30006A257D /* Main.storyboard */ = {
			isa = PBXVariantGroup;
			children = (
				24C8A59B2A491B30006A257D /* Base */,
			);
			name = Main.storyboard;
			sourceTree = "<group>";
		};
		24C8A5A62A491B30006A257D /* Main.storyboard */ = {
			isa = PBXVariantGroup;
			children = (
				24C8A5A72A491B30006A257D /* Base */,
			);
			name = Main.storyboard;
			sourceTree = "<group>";
		};
/* End PBXVariantGroup section */

/* Begin XCBuildConfiguration section */
		24C8A5CE2A491B31006A257D /* Debug */ = {
			isa = XCBuildConfiguration;
			buildSettings = {
				ALWAYS_SEARCH_USER_PATHS = NO;
				CLANG_ANALYZER_NONNULL = YES;
				CLANG_ANALYZER_NUMBER_OBJECT_CONVERSION = YES_AGGRESSIVE;
				CLANG_CXX_LANGUAGE_STANDARD = "gnu++20";
				CLANG_ENABLE_MODULES = YES;
				CLANG_ENABLE_OBJC_ARC = YES;
				CLANG_ENABLE_OBJC_WEAK = YES;
				CLANG_WARN_BLOCK_CAPTURE_AUTORELEASING = YES;
				CLANG_WARN_BOOL_CONVERSION = YES;
				CLANG_WARN_COMMA = YES;
				CLANG_WARN_CONSTANT_CONVERSION = YES;
				CLANG_WARN_DEPRECATED_OBJC_IMPLEMENTATIONS = YES;
				CLANG_WARN_DIRECT_OBJC_ISA_USAGE = YES_ERROR;
				CLANG_WARN_DOCUMENTATION_COMMENTS = YES;
				CLANG_WARN_EMPTY_BODY = YES;
				CLANG_WARN_ENUM_CONVERSION = YES;
				CLANG_WARN_INFINITE_RECURSION = YES;
				CLANG_WARN_INT_CONVERSION = YES;
				CLANG_WARN_NON_LITERAL_NULL_CONVERSION = YES;
				CLANG_WARN_OBJC_IMPLICIT_RETAIN_SELF = YES;
				CLANG_WARN_OBJC_LITERAL_CONVERSION = YES;
				CLANG_WARN_OBJC_ROOT_CLASS = YES_ERROR;
				CLANG_WARN_QUOTED_INCLUDE_IN_FRAMEWORK_HEADER = YES;
				CLANG_WARN_RANGE_LOOP_ANALYSIS = YES;
				CLANG_WARN_STRICT_PROTOTYPES = YES;
				CLANG_WARN_SUSPICIOUS_MOVE = YES;
				CLANG_WARN_UNGUARDED_AVAILABILITY = YES_AGGRESSIVE;
				CLANG_WARN_UNREACHABLE_CODE = YES;
				CLANG_WARN__DUPLICATE_METHOD_MATCH = YES;
				COPY_PHASE_STRIP = NO;
				DEBUG_INFORMATION_FORMAT = dwarf;
				ENABLE_STRICT_OBJC_MSGSEND = YES;
				ENABLE_TESTABILITY = YES;
				GCC_C_LANGUAGE_STANDARD = gnu11;
				GCC_DYNAMIC_NO_PIC = NO;
				GCC_NO_COMMON_BLOCKS = YES;
				GCC_OPTIMIZATION_LEVEL = 0;
				GCC_PREPROCESSOR_DEFINITIONS = (
					"DEBUG=1",
					"$(inherited)",
				);
				GCC_WARN_64_TO_32_BIT_CONVERSION = YES;
				GCC_WARN_ABOUT_RETURN_TYPE = YES_ERROR;
				GCC_WARN_UNDECLARED_SELECTOR = YES;
				GCC_WARN_UNINITIALIZED_AUTOS = YES_AGGRESSIVE;
				GCC_WARN_UNUSED_FUNCTION = YES;
				GCC_WARN_UNUSED_VARIABLE = YES;
				MTL_ENABLE_DEBUG_INFO = INCLUDE_SOURCE;
				MTL_FAST_MATH = YES;
				ONLY_ACTIVE_ARCH = YES;
				SWIFT_ACTIVE_COMPILATION_CONDITIONS = DEBUG;
				SWIFT_OPTIMIZATION_LEVEL = "-Onone";
			};
			name = Debug;
		};
		24C8A5CF2A491B31006A257D /* Release */ = {
			isa = XCBuildConfiguration;
			buildSettings = {
				ALWAYS_SEARCH_USER_PATHS = NO;
				CLANG_ANALYZER_NONNULL = YES;
				CLANG_ANALYZER_NUMBER_OBJECT_CONVERSION = YES_AGGRESSIVE;
				CLANG_CXX_LANGUAGE_STANDARD = "gnu++20";
				CLANG_ENABLE_MODULES = YES;
				CLANG_ENABLE_OBJC_ARC = YES;
				CLANG_ENABLE_OBJC_WEAK = YES;
				CLANG_WARN_BLOCK_CAPTURE_AUTORELEASING = YES;
				CLANG_WARN_BOOL_CONVERSION = YES;
				CLANG_WARN_COMMA = YES;
				CLANG_WARN_CONSTANT_CONVERSION = YES;
				CLANG_WARN_DEPRECATED_OBJC_IMPLEMENTATIONS = YES;
				CLANG_WARN_DIRECT_OBJC_ISA_USAGE = YES_ERROR;
				CLANG_WARN_DOCUMENTATION_COMMENTS = YES;
				CLANG_WARN_EMPTY_BODY = YES;
				CLANG_WARN_ENUM_CONVERSION = YES;
				CLANG_WARN_INFINITE_RECURSION = YES;
				CLANG_WARN_INT_CONVERSION = YES;
				CLANG_WARN_NON_LITERAL_NULL_CONVERSION = YES;
				CLANG_WARN_OBJC_IMPLICIT_RETAIN_SELF = YES;
				CLANG_WARN_OBJC_LITERAL_CONVERSION = YES;
				CLANG_WARN_OBJC_ROOT_CLASS = YES_ERROR;
				CLANG_WARN_QUOTED_INCLUDE_IN_FRAMEWORK_HEADER = YES;
				CLANG_WARN_RANGE_LOOP_ANALYSIS = YES;
				CLANG_WARN_STRICT_PROTOTYPES = YES;
				CLANG_WARN_SUSPICIOUS_MOVE = YES;
				CLANG_WARN_UNGUARDED_AVAILABILITY = YES_AGGRESSIVE;
				CLANG_WARN_UNREACHABLE_CODE = YES;
				CLANG_WARN__DUPLICATE_METHOD_MATCH = YES;
				COPY_PHASE_STRIP = NO;
				DEBUG_INFORMATION_FORMAT = "dwarf-with-dsym";
				ENABLE_NS_ASSERTIONS = NO;
				ENABLE_STRICT_OBJC_MSGSEND = YES;
				GCC_C_LANGUAGE_STANDARD = gnu11;
				GCC_NO_COMMON_BLOCKS = YES;
				GCC_WARN_64_TO_32_BIT_CONVERSION = YES;
				GCC_WARN_ABOUT_RETURN_TYPE = YES_ERROR;
				GCC_WARN_UNDECLARED_SELECTOR = YES;
				GCC_WARN_UNINITIALIZED_AUTOS = YES_AGGRESSIVE;
				GCC_WARN_UNUSED_FUNCTION = YES;
				GCC_WARN_UNUSED_VARIABLE = YES;
				MTL_ENABLE_DEBUG_INFO = NO;
				MTL_FAST_MATH = YES;
				SWIFT_COMPILATION_MODE = wholemodule;
				SWIFT_OPTIMIZATION_LEVEL = "-O";
			};
			name = Release;
		};
		24C8A5D12A491B31006A257D /* Debug */ = {
			isa = XCBuildConfiguration;
			buildSettings = {
				CODE_SIGN_STYLE = Automatic;
				CURRENT_PROJECT_VERSION = 1;
				GENERATE_INFOPLIST_FILE = YES;
				INFOPLIST_FILE = "iOS (Extension)/Info.plist";
				INFOPLIST_KEY_CFBundleDisplayName = "onliness Extension";
				INFOPLIST_KEY_NSHumanReadableCopyright = "";
				IPHONEOS_DEPLOYMENT_TARGET = 15.0;
				LD_RUNPATH_SEARCH_PATHS = (
					"$(inherited)",
					"@executable_path/Frameworks",
					"@executable_path/../../Frameworks",
				);
				MARKETING_VERSION = 1.0;
				OTHER_LDFLAGS = (
					"-framework",
					SafariServices,
				);
				PRODUCT_BUNDLE_IDENTIFIER = com.defiantware.onliness.Extension;
				PRODUCT_NAME = "onliness Extension";
				SDKROOT = iphoneos;
				SKIP_INSTALL = YES;
				SWIFT_EMIT_LOC_STRINGS = YES;
				SWIFT_VERSION = 5.0;
				TARGETED_DEVICE_FAMILY = "1,2";
			};
			name = Debug;
		};
		24C8A5D22A491B31006A257D /* Release */ = {
			isa = XCBuildConfiguration;
			buildSettings = {
				CODE_SIGN_STYLE = Automatic;
				CURRENT_PROJECT_VERSION = 1;
				GENERATE_INFOPLIST_FILE = YES;
				INFOPLIST_FILE = "iOS (Extension)/Info.plist";
				INFOPLIST_KEY_CFBundleDisplayName = "onliness Extension";
				INFOPLIST_KEY_NSHumanReadableCopyright = "";
				IPHONEOS_DEPLOYMENT_TARGET = 15.0;
				LD_RUNPATH_SEARCH_PATHS = (
					"$(inherited)",
					"@executable_path/Frameworks",
					"@executable_path/../../Frameworks",
				);
				MARKETING_VERSION = 1.0;
				OTHER_LDFLAGS = (
					"-framework",
					SafariServices,
				);
				PRODUCT_BUNDLE_IDENTIFIER = com.defiantware.onliness.Extension;
				PRODUCT_NAME = "onliness Extension";
				SDKROOT = iphoneos;
				SKIP_INSTALL = YES;
				SWIFT_EMIT_LOC_STRINGS = YES;
				SWIFT_VERSION = 5.0;
				TARGETED_DEVICE_FAMILY = "1,2";
				VALIDATE_PRODUCT = YES;
			};
			name = Release;
		};
		24C8A5D52A491B31006A257D /* Debug */ = {
			isa = XCBuildConfiguration;
			buildSettings = {
				ALWAYS_EMBED_SWIFT_STANDARD_LIBRARIES = YES;
				ASSETCATALOG_COMPILER_APPICON_NAME = AppIcon;
				ASSETCATALOG_COMPILER_GLOBAL_ACCENT_COLOR_NAME = AccentColor;
				CODE_SIGN_STYLE = Automatic;
				CURRENT_PROJECT_VERSION = 1;
				GENERATE_INFOPLIST_FILE = YES;
				INFOPLIST_FILE = "iOS (App)/Info.plist";
				INFOPLIST_KEY_CFBundleDisplayName = onliness;
				INFOPLIST_KEY_UIApplicationSupportsIndirectInputEvents = YES;
				INFOPLIST_KEY_UILaunchStoryboardName = LaunchScreen;
				INFOPLIST_KEY_UIMainStoryboardFile = Main;
				INFOPLIST_KEY_UISupportedInterfaceOrientations = "UIInterfaceOrientationPortrait UIInterfaceOrientationLandscapeLeft UIInterfaceOrientationLandscapeRight";
				INFOPLIST_KEY_UISupportedInterfaceOrientations_iPad = "UIInterfaceOrientationPortrait UIInterfaceOrientationPortraitUpsideDown UIInterfaceOrientationLandscapeLeft UIInterfaceOrientationLandscapeRight";
				IPHONEOS_DEPLOYMENT_TARGET = 15.0;
				LD_RUNPATH_SEARCH_PATHS = (
					"$(inherited)",
					"@executable_path/Frameworks",
				);
				MARKETING_VERSION = 1.0;
				OTHER_LDFLAGS = (
					"-framework",
					SafariServices,
					"-framework",
					WebKit,
				);
				PRODUCT_BUNDLE_IDENTIFIER = com.defiantware.onliness;
				PRODUCT_NAME = onliness;
				SDKROOT = iphoneos;
				SWIFT_EMIT_LOC_STRINGS = YES;
				SWIFT_VERSION = 5.0;
				TARGETED_DEVICE_FAMILY = "1,2";
			};
			name = Debug;
		};
		24C8A5D62A491B31006A257D /* Release */ = {
			isa = XCBuildConfiguration;
			buildSettings = {
				ALWAYS_EMBED_SWIFT_STANDARD_LIBRARIES = YES;
				ASSETCATALOG_COMPILER_APPICON_NAME = AppIcon;
				ASSETCATALOG_COMPILER_GLOBAL_ACCENT_COLOR_NAME = AccentColor;
				CODE_SIGN_STYLE = Automatic;
				CURRENT_PROJECT_VERSION = 1;
				GENERATE_INFOPLIST_FILE = YES;
				INFOPLIST_FILE = "iOS (App)/Info.plist";
				INFOPLIST_KEY_CFBundleDisplayName = onliness;
				INFOPLIST_KEY_UIApplicationSupportsIndirectInputEvents = YES;
				INFOPLIST_KEY_UILaunchStoryboardName = LaunchScreen;
				INFOPLIST_KEY_UIMainStoryboardFile = Main;
				INFOPLIST_KEY_UISupportedInterfaceOrientations = "UIInterfaceOrientationPortrait UIInterfaceOrientationLandscapeLeft UIInterfaceOrientationLandscapeRight";
				INFOPLIST_KEY_UISupportedInterfaceOrientations_iPad = "UIInterfaceOrientationPortrait UIInterfaceOrientationPortraitUpsideDown UIInterfaceOrientationLandscapeLeft UIInterfaceOrientationLandscapeRight";
				IPHONEOS_DEPLOYMENT_TARGET = 15.0;
				LD_RUNPATH_SEARCH_PATHS = (
					"$(inherited)",
					"@executable_path/Frameworks",
				);
				MARKETING_VERSION = 1.0;
				OTHER_LDFLAGS = (
					"-framework",
					SafariServices,
					"-framework",
					WebKit,
				);
				PRODUCT_BUNDLE_IDENTIFIER = com.defiantware.onliness;
				PRODUCT_NAME = onliness;
				SDKROOT = iphoneos;
				SWIFT_EMIT_LOC_STRINGS = YES;
				SWIFT_VERSION = 5.0;
				TARGETED_DEVICE_FAMILY = "1,2";
				VALIDATE_PRODUCT = YES;
			};
			name = Release;
		};
		24C8A5D82A491B31006A257D /* Debug */ = {
			isa = XCBuildConfiguration;
			buildSettings = {
				CODE_SIGN_ENTITLEMENTS = "macOS (Extension)/onliness.entitlements";
				CODE_SIGN_STYLE = Automatic;
				CURRENT_PROJECT_VERSION = 1;
				ENABLE_HARDENED_RUNTIME = YES;
				GENERATE_INFOPLIST_FILE = YES;
				INFOPLIST_FILE = "macOS (Extension)/Info.plist";
				INFOPLIST_KEY_CFBundleDisplayName = "onliness Extension";
				INFOPLIST_KEY_NSHumanReadableCopyright = "";
				LD_RUNPATH_SEARCH_PATHS = (
					"$(inherited)",
					"@executable_path/../Frameworks",
					"@executable_path/../../../../Frameworks",
				);
				MACOSX_DEPLOYMENT_TARGET = 10.14;
				MARKETING_VERSION = 1.0;
				OTHER_LDFLAGS = (
					"-framework",
					SafariServices,
				);
				PRODUCT_BUNDLE_IDENTIFIER = com.defiantware.onliness.Extension;
				PRODUCT_NAME = "onliness Extension";
				SDKROOT = macosx;
				SKIP_INSTALL = YES;
				SWIFT_EMIT_LOC_STRINGS = YES;
				SWIFT_VERSION = 5.0;
			};
			name = Debug;
		};
		24C8A5D92A491B31006A257D /* Release */ = {
			isa = XCBuildConfiguration;
			buildSettings = {
				CODE_SIGN_ENTITLEMENTS = "macOS (Extension)/onliness.entitlements";
				CODE_SIGN_STYLE = Automatic;
				CURRENT_PROJECT_VERSION = 1;
				ENABLE_HARDENED_RUNTIME = YES;
				GENERATE_INFOPLIST_FILE = YES;
				INFOPLIST_FILE = "macOS (Extension)/Info.plist";
				INFOPLIST_KEY_CFBundleDisplayName = "onliness Extension";
				INFOPLIST_KEY_NSHumanReadableCopyright = "";
				LD_RUNPATH_SEARCH_PATHS = (
					"$(inherited)",
					"@executable_path/../Frameworks",
					"@executable_path/../../../../Frameworks",
				);
				MACOSX_DEPLOYMENT_TARGET = 10.14;
				MARKETING_VERSION = 1.0;
				OTHER_LDFLAGS = (
					"-framework",
					SafariServices,
				);
				PRODUCT_BUNDLE_IDENTIFIER = com.defiantware.onliness.Extension;
				PRODUCT_NAME = "onliness Extension";
				SDKROOT = macosx;
				SKIP_INSTALL = YES;
				SWIFT_EMIT_LOC_STRINGS = YES;
				SWIFT_VERSION = 5.0;
			};
			name = Release;
		};
		24C8A5DC2A491B31006A257D /* Debug */ = {
			isa = XCBuildConfiguration;
			buildSettings = {
				ALWAYS_EMBED_SWIFT_STANDARD_LIBRARIES = YES;
				ASSETCATALOG_COMPILER_APPICON_NAME = AppIcon;
				ASSETCATALOG_COMPILER_GLOBAL_ACCENT_COLOR_NAME = AccentColor;
				CODE_SIGN_ENTITLEMENTS = "macOS (App)/onliness.entitlements";
				CODE_SIGN_STYLE = Automatic;
				CURRENT_PROJECT_VERSION = 1;
				ENABLE_HARDENED_RUNTIME = YES;
				GENERATE_INFOPLIST_FILE = YES;
				INFOPLIST_FILE = "macOS (App)/Info.plist";
				INFOPLIST_KEY_CFBundleDisplayName = onliness;
				INFOPLIST_KEY_NSMainStoryboardFile = Main;
				INFOPLIST_KEY_NSPrincipalClass = NSApplication;
				LD_RUNPATH_SEARCH_PATHS = (
					"$(inherited)",
					"@executable_path/../Frameworks",
				);
				MACOSX_DEPLOYMENT_TARGET = 10.14;
				MARKETING_VERSION = 1.0;
				OTHER_LDFLAGS = (
					"-framework",
					SafariServices,
					"-framework",
					WebKit,
				);
				PRODUCT_BUNDLE_IDENTIFIER = com.defiantware.onliness;
				PRODUCT_NAME = onliness;
				SDKROOT = macosx;
				SWIFT_EMIT_LOC_STRINGS = YES;
				SWIFT_VERSION = 5.0;
			};
			name = Debug;
		};
		24C8A5DD2A491B31006A257D /* Release */ = {
			isa = XCBuildConfiguration;
			buildSettings = {
				ALWAYS_EMBED_SWIFT_STANDARD_LIBRARIES = YES;
				ASSETCATALOG_COMPILER_APPICON_NAME = AppIcon;
				ASSETCATALOG_COMPILER_GLOBAL_ACCENT_COLOR_NAME = AccentColor;
				CODE_SIGN_ENTITLEMENTS = "macOS (App)/onliness.entitlements";
				CODE_SIGN_STYLE = Automatic;
				CURRENT_PROJECT_VERSION = 1;
				ENABLE_HARDENED_RUNTIME = YES;
				GENERATE_INFOPLIST_FILE = YES;
				INFOPLIST_FILE = "macOS (App)/Info.plist";
				INFOPLIST_KEY_CFBundleDisplayName = onliness;
				INFOPLIST_KEY_NSMainStoryboardFile = Main;
				INFOPLIST_KEY_NSPrincipalClass = NSApplication;
				LD_RUNPATH_SEARCH_PATHS = (
					"$(inherited)",
					"@executable_path/../Frameworks",
				);
				MACOSX_DEPLOYMENT_TARGET = 10.14;
				MARKETING_VERSION = 1.0;
				OTHER_LDFLAGS = (
					"-framework",
					SafariServices,
					"-framework",
					WebKit,
				);
				PRODUCT_BUNDLE_IDENTIFIER = com.defiantware.onliness;
				PRODUCT_NAME = onliness;
				SDKROOT = macosx;
				SWIFT_EMIT_LOC_STRINGS = YES;
				SWIFT_VERSION = 5.0;
			};
			name = Release;
		};
/* End XCBuildConfiguration section */

/* Begin XCConfigurationList section */
		24C8A5802A491B2A006A257D /* Build configuration list for PBXProject "onliness" */ = {
			isa = XCConfigurationList;
			buildConfigurations = (
				24C8A5CE2A491B31006A257D /* Debug */,
				24C8A5CF2A491B31006A257D /* Release */,
			);
			defaultConfigurationIsVisible = 0;
			defaultConfigurationName = Release;
		};
		24C8A5D02A491B31006A257D /* Build configuration list for PBXNativeTarget "onliness Extension (iOS)" */ = {
			isa = XCConfigurationList;
			buildConfigurations = (
				24C8A5D12A491B31006A257D /* Debug */,
				24C8A5D22A491B31006A257D /* Release */,
			);
			defaultConfigurationIsVisible = 0;
			defaultConfigurationName = Release;
		};
		24C8A5D42A491B31006A257D /* Build configuration list for PBXNativeTarget "onliness (iOS)" */ = {
			isa = XCConfigurationList;
			buildConfigurations = (
				24C8A5D52A491B31006A257D /* Debug */,
				24C8A5D62A491B31006A257D /* Release */,
			);
			defaultConfigurationIsVisible = 0;
			defaultConfigurationName = Release;
		};
		24C8A5D72A491B31006A257D /* Build configuration list for PBXNativeTarget "onliness Extension (macOS)" */ = {
			isa = XCConfigurationList;
			buildConfigurations = (
				24C8A5D82A491B31006A257D /* Debug */,
				24C8A5D92A491B31006A257D /* Release */,
			);
			defaultConfigurationIsVisible = 0;
			defaultConfigurationName = Release;
		};
		24C8A5DB2A491B31006A257D /* Build configuration list for PBXNativeTarget "onliness (macOS)" */ = {
			isa = XCConfigurationList;
			buildConfigurations = (
				24C8A5DC2A491B31006A257D /* Debug */,
				24C8A5DD2A491B31006A257D /* Release */,
			);
			defaultConfigurationIsVisible = 0;
			defaultConfigurationName = Release;
		};
/* End XCConfigurationList section */
	};
	rootObject = 24C8A57D2A491B2A006A257D /* Project object */;
}
